{
  "name": "vibeship",
  "version": "1.0.1",
  "lockfileVersion": 3,
  "requires": true,
  "packages": {
    "": {
      "name": "vibeship",
      "version": "1.0.1",
      "license": "MIT",
      "bin": {
        "vibeship": "index.js"
      },
      "devDependencies": {},
      "engines": {
        "node": ">=14.0.0"
      }
    }
  }
}
